
Microsoft Visual Studio Solution File, Format Version 12.00
# Visual Studio Version 17
VisualStudioVersion = 17.2.32519.379
MinimumVisualStudioVersion = 10.0.40219.1
Project("{FAE04EC0-301F-11D3-BF4B-00C04F79EFBC}") = "ConsoleApp1", "ConsoleApp1\ConsoleApp1.csproj", "{0F07512B-3840-4B44-8074-DBDC57A9299B}"
EndProject
Global
	GlobalSection(SolutionConfigurationPlatforms) = preSolution
		Debug|Any CPU = Debug|Any CPU
		Release|Any CPU = Release|Any CPU
	EndGlobalSection
	GlobalSection(ProjectConfigurationPlatforms) = postSolution
		{0F07512B-3840-4B44-8074-DBDC57A9299B}.Debug|Any CPU.ActiveCfg = Debug|Any CPU
		{0F07512B-3840-4B44-8074-DBDC57A9299B}.Debug|Any CPU.Build.0 = Debug|Any CPU
		{0F07512B-3840-4B44-8074-DBDC57A9299B}.Release|Any CPU.ActiveCfg = Release|Any CPU
		{0F07512B-3840-4B44-8074-DBDC57A9299B}.Release|Any CPU.Build.0 = Release|Any CPU
	EndGlobalSection
	GlobalSection(SolutionProperties) = preSolution
		HideSolutionNode = FALSE
	EndGlobalSection
	GlobalSection(ExtensibilityGlobals) = postSolution
		SolutionGuid = {7D6A4E23-25D2-40A0-B57E-FD821EF0E61F}
	EndGlobalSection
EndGlobal
